github.com/google/go-cmp v0.3.1 h1:Xye71clBPdm5HgqGwUkwhbynsUJZhDbS20FvLhQ2izg=
github.com/google/go-cmp v0.3.1/go.mod h1:8QqcDgzrUqlUb/G2PQTWiueGozuR1884gddMywk6iLU=
github.com/mdlayher/schedgroup v0.0.0-20200506182200-45678742bdc7 h1:WsbRp8nLEDfgw9g1T2aDo0IrA3dlSI48kK75qayT9IA=
github.com/mdlayher/schedgroup v0.0.0-20200506182200-45678742bdc7/go.mod h1:5NGn8lFa8HhigBCL4QIkR5YuAgaeolDZxE57JP/UVys=
github.com/vardius/gollback v1.1.0 h1:vBvtYRcYDMvMcQUJsiHvzxPR5Gb+kGbikYaubkF9R0s=
github.com/vardius/gollback v1.1.0/go.mod h1:MeIopn8KzLR11VlCuds97h/g0FwgnjloNolBsyTl0OM=
golang.org/x/sync v0.0.0-20201207232520-09787c993a3a h1:DcqTD9SDLc+1P/r1EmRBwnVsrOwW+kk2vWf9n+1sGhs=
golang.org/x/sync v0.0.0-20201207232520-09787c993a3a/go.mod h1:RxMgew5VJxzue5/jJTE5uejpjVlOe/izrB70Jof72aM=
